
Microsoft Visual Studio Solution File, Format Version 12.00
# Visual Studio Version 16
VisualStudioVersion = 16.0.31025.194
MinimumVisualStudioVersion = 10.0.40219.1
Project("{FAE04EC0-301F-11D3-BF4B-00C04F79EFBC}") = "SimpleConsoleApp", "SimpleConsoleApp\SimpleConsoleApp.csproj", "{52D11F41-5D86-4364-81F5-B4FDED327521}"
EndProject
Global
	GlobalSection(SolutionConfigurationPlatforms) = preSolution
		Debug|Any CPU = Debug|Any CPU
		Release|Any CPU = Release|Any CPU
	EndGlobalSection
	GlobalSection(ProjectConfigurationPlatforms) = postSolution
		{52D11F41-5D86-4364-81F5-B4FDED327521}.Debug|Any CPU.ActiveCfg = Debug|Any CPU
		{52D11F41-5D86-4364-81F5-B4FDED327521}.Debug|Any CPU.Build.0 = Debug|Any CPU
		{52D11F41-5D86-4364-81F5-B4FDED327521}.Release|Any CPU.ActiveCfg = Release|Any CPU
		{52D11F41-5D86-4364-81F5-B4FDED327521}.Release|Any CPU.Build.0 = Release|Any CPU
	EndGlobalSection
	GlobalSection(SolutionProperties) = preSolution
		HideSolutionNode = FALSE
	EndGlobalSection
	GlobalSection(ExtensibilityGlobals) = postSolution
		SolutionGuid = {CB4EDBE2-A82F-436E-A4C1-BF2702EC2B4D}
	EndGlobalSection
EndGlobal
